
Microsoft Visual Studio Solution File, Format Version 12.00
# Visual Studio 15
VisualStudioVersion = 15.0.27428.1
MinimumVisualStudioVersion = 10.0.40219.1
Project("{8BC9CEB8-8B4A-11D0-8D11-00A0C91BC942}") = "exam", "exam\exam.vcxproj", "{9BF49D95-01C6-43C9-9C53-FB97E83190B0}"
EndProject
Global
	GlobalSection(SolutionConfigurationPlatforms) = preSolution
		Debug|x64 = Debug|x64
		Debug|x86 = Debug|x86
		Release|x64 = Release|x64
		Release|x86 = Release|x86
	EndGlobalSection
	GlobalSection(ProjectConfigurationPlatforms) = postSolution
		{9BF49D95-01C6-43C9-9C53-FB97E83190B0}.Debug|x64.ActiveCfg = Debug|x64
		{9BF49D95-01C6-43C9-9C53-FB97E83190B0}.Debug|x64.Build.0 = Debug|x64
		{9BF49D95-01C6-43C9-9C53-FB97E83190B0}.Debug|x86.ActiveCfg = Debug|Win32
		{9BF49D95-01C6-43C9-9C53-FB97E83190B0}.Debug|x86.Build.0 = Debug|Win32
		{9BF49D95-01C6-43C9-9C53-FB97E83190B0}.Release|x64.ActiveCfg = Release|x64
		{9BF49D95-01C6-43C9-9C53-FB97E83190B0}.Release|x64.Build.0 = Release|x64
		{9BF49D95-01C6-43C9-9C53-FB97E83190B0}.Release|x86.ActiveCfg = Release|Win32
		{9BF49D95-01C6-43C9-9C53-FB97E83190B0}.Release|x86.Build.0 = Release|Win32
	EndGlobalSection
	GlobalSection(SolutionProperties) = preSolution
		HideSolutionNode = FALSE
	EndGlobalSection
	GlobalSection(ExtensibilityGlobals) = postSolution
		SolutionGuid = {F82DCA40-EB64-449E-B338-DE30DE791324}
	EndGlobalSection
EndGlobal
